
Microsoft Visual Studio Solution File, Format Version 11.00
# Visual Studio 2010
Project("{FAE04EC0-301F-11D3-BF4B-00C04F79EFBC}") = "Automate", "Automate\Automate.csproj", "{0E05710C-0E97-4F88-87FA-318B8D49A293}"
EndProject
Project("{FAE04EC0-301F-11D3-BF4B-00C04F79EFBC}") = "ScriptingLib", "ScriptingLib\ScriptingLib.csproj", "{D035C1F6-F943-43B5-8226-1239378D6076}"
EndProject
Global
	GlobalSection(SolutionConfigurationPlatforms) = preSolution
		Debug|Any CPU = Debug|Any CPU
		Debug|Mixed Platforms = Debug|Mixed Platforms
		Debug|x86 = Debug|x86
		Release|Any CPU = Release|Any CPU
		Release|Mixed Platforms = Release|Mixed Platforms
		Release|x86 = Release|x86
	EndGlobalSection
	GlobalSection(ProjectConfigurationPlatforms) = postSolution
		{0E05710C-0E97-4F88-87FA-318B8D49A293}.Debug|Any CPU.ActiveCfg = Debug|x86
		{0E05710C-0E97-4F88-87FA-318B8D49A293}.Debug|Mixed Platforms.ActiveCfg = Debug|x86
		{0E05710C-0E97-4F88-87FA-318B8D49A293}.Debug|Mixed Platforms.Build.0 = Debug|x86
		{0E05710C-0E97-4F88-87FA-318B8D49A293}.Debug|x86.ActiveCfg = Debug|x86
		{0E05710C-0E97-4F88-87FA-318B8D49A293}.Debug|x86.Build.0 = Debug|x86
		{0E05710C-0E97-4F88-87FA-318B8D49A293}.Release|Any CPU.ActiveCfg = Release|x86
		{0E05710C-0E97-4F88-87FA-318B8D49A293}.Release|Mixed Platforms.ActiveCfg = Release|x86
		{0E05710C-0E97-4F88-87FA-318B8D49A293}.Release|Mixed Platforms.Build.0 = Release|x86
		{0E05710C-0E97-4F88-87FA-318B8D49A293}.Release|x86.ActiveCfg = Release|x86
		{0E05710C-0E97-4F88-87FA-318B8D49A293}.Release|x86.Build.0 = Release|x86
		{D035C1F6-F943-43B5-8226-1239378D6076}.Debug|Any CPU.ActiveCfg = Debug|Any CPU
		{D035C1F6-F943-43B5-8226-1239378D6076}.Debug|Any CPU.Build.0 = Debug|Any CPU
		{D035C1F6-F943-43B5-8226-1239378D6076}.Debug|Mixed Platforms.ActiveCfg = Debug|Any CPU
		{D035C1F6-F943-43B5-8226-1239378D6076}.Debug|Mixed Platforms.Build.0 = Debug|Any CPU
		{D035C1F6-F943-43B5-8226-1239378D6076}.Debug|x86.ActiveCfg = Debug|Any CPU
		{D035C1F6-F943-43B5-8226-1239378D6076}.Release|Any CPU.ActiveCfg = Release|Any CPU
		{D035C1F6-F943-43B5-8226-1239378D6076}.Release|Any CPU.Build.0 = Release|Any CPU
		{D035C1F6-F943-43B5-8226-1239378D6076}.Release|Mixed Platforms.ActiveCfg = Release|Any CPU
		{D035C1F6-F943-43B5-8226-1239378D6076}.Release|Mixed Platforms.Build.0 = Release|Any CPU
		{D035C1F6-F943-43B5-8226-1239378D6076}.Release|x86.ActiveCfg = Release|Any CPU
	EndGlobalSection
	GlobalSection(SolutionProperties) = preSolution
		HideSolutionNode = FALSE
	EndGlobalSection
EndGlobal
